
Microsoft Visual Studio Solution File, Format Version 12.00
# Visual Studio 15
Project("{FAE04EC0-301F-11D3-BF4B-00C04F79EFBC}") = "Yarn", "Yarn.csproj", "{08C29898-4428-8711-94AA-9FFF110DC45B}"
EndProject
Project("{FAE04EC0-301F-11D3-BF4B-00C04F79EFBC}") = "AssemblyDefinitionEvents", "AssemblyDefinitionEvents.csproj", "{485753E8-CC7B-E5C4-935F-EE79F9E9D375}"
EndProject
Project("{FAE04EC0-301F-11D3-BF4B-00C04F79EFBC}") = "YarnEditor", "YarnEditor.csproj", "{9917CCC0-350C-49F1-92B8-F58D46D3BBBF}"
EndProject
Project("{FAE04EC0-301F-11D3-BF4B-00C04F79EFBC}") = "AssemblyDefinition", "AssemblyDefinition.csproj", "{F0714608-16C5-9C8F-851C-2470B19F67CD}"
EndProject
Global
	GlobalSection(SolutionConfigurationPlatforms) = preSolution
		Debug|Any CPU = Debug|Any CPU
		Release|Any CPU = Release|Any CPU
	EndGlobalSection
	GlobalSection(ProjectConfigurationPlatforms) = postSolution
		{08C29898-4428-8711-94AA-9FFF110DC45B}.Debug|Any CPU.ActiveCfg = Debug|Any CPU
		{08C29898-4428-8711-94AA-9FFF110DC45B}.Debug|Any CPU.Build.0 = Debug|Any CPU
		{08C29898-4428-8711-94AA-9FFF110DC45B}.Release|Any CPU.ActiveCfg = Release|Any CPU
		{08C29898-4428-8711-94AA-9FFF110DC45B}.Release|Any CPU.Build.0 = Release|Any CPU
		{485753E8-CC7B-E5C4-935F-EE79F9E9D375}.Debug|Any CPU.ActiveCfg = Debug|Any CPU
		{485753E8-CC7B-E5C4-935F-EE79F9E9D375}.Debug|Any CPU.Build.0 = Debug|Any CPU
		{485753E8-CC7B-E5C4-935F-EE79F9E9D375}.Release|Any CPU.ActiveCfg = Release|Any CPU
		{485753E8-CC7B-E5C4-935F-EE79F9E9D375}.Release|Any CPU.Build.0 = Release|Any CPU
		{9917CCC0-350C-49F1-92B8-F58D46D3BBBF}.Debug|Any CPU.ActiveCfg = Debug|Any CPU
		{9917CCC0-350C-49F1-92B8-F58D46D3BBBF}.Debug|Any CPU.Build.0 = Debug|Any CPU
		{9917CCC0-350C-49F1-92B8-F58D46D3BBBF}.Release|Any CPU.ActiveCfg = Release|Any CPU
		{9917CCC0-350C-49F1-92B8-F58D46D3BBBF}.Release|Any CPU.Build.0 = Release|Any CPU
		{F0714608-16C5-9C8F-851C-2470B19F67CD}.Debug|Any CPU.ActiveCfg = Debug|Any CPU
		{F0714608-16C5-9C8F-851C-2470B19F67CD}.Debug|Any CPU.Build.0 = Debug|Any CPU
		{F0714608-16C5-9C8F-851C-2470B19F67CD}.Release|Any CPU.ActiveCfg = Release|Any CPU
		{F0714608-16C5-9C8F-851C-2470B19F67CD}.Release|Any CPU.Build.0 = Release|Any CPU
	EndGlobalSection
	GlobalSection(SolutionProperties) = preSolution
		HideSolutionNode = FALSE
	EndGlobalSection
EndGlobal
